
Microsoft Visual Studio Solution File, Format Version 12.00
Project("{2150E333-8FDC-42A3-9474-1A3956D46DE8}") = "src", "src", "{55085079-A497-4485-9E8C-CC28091B63C2}"
EndProject
Project("{2150E333-8FDC-42A3-9474-1A3956D46DE8}") = "test", "test", "{8AF8DB40-66F9-4A62-9B7C-B721E4B50C4E}"
EndProject
Project("{FAE04EC0-301F-11D3-BF4B-00C04F79EFBC}") = "Bookify.Domain", "Bookify.Domain\Bookify.Domain.csproj", "{D5ED519A-BF56-4F3D-9796-F2243CDF7A03}"
EndProject
Project("{FAE04EC0-301F-11D3-BF4B-00C04F79EFBC}") = "Bookify.Application", "Bookify.Application\Bookify.Application.csproj", "{35F39935-4EC3-491C-996F-AFCAEEBD51BC}"
EndProject
Global
	GlobalSection(SolutionConfigurationPlatforms) = preSolution
		Debug|Any CPU = Debug|Any CPU
		Release|Any CPU = Release|Any CPU
	EndGlobalSection
	GlobalSection(NestedProjects) = preSolution
		{D5ED519A-BF56-4F3D-9796-F2243CDF7A03} = {55085079-A497-4485-9E8C-CC28091B63C2}
		{35F39935-4EC3-491C-996F-AFCAEEBD51BC} = {55085079-A497-4485-9E8C-CC28091B63C2}
	EndGlobalSection
	GlobalSection(ProjectConfigurationPlatforms) = postSolution
		{D5ED519A-BF56-4F3D-9796-F2243CDF7A03}.Debug|Any CPU.ActiveCfg = Debug|Any CPU
		{D5ED519A-BF56-4F3D-9796-F2243CDF7A03}.Debug|Any CPU.Build.0 = Debug|Any CPU
		{D5ED519A-BF56-4F3D-9796-F2243CDF7A03}.Release|Any CPU.ActiveCfg = Release|Any CPU
		{D5ED519A-BF56-4F3D-9796-F2243CDF7A03}.Release|Any CPU.Build.0 = Release|Any CPU
		{35F39935-4EC3-491C-996F-AFCAEEBD51BC}.Debug|Any CPU.ActiveCfg = Debug|Any CPU
		{35F39935-4EC3-491C-996F-AFCAEEBD51BC}.Debug|Any CPU.Build.0 = Debug|Any CPU
		{35F39935-4EC3-491C-996F-AFCAEEBD51BC}.Release|Any CPU.ActiveCfg = Release|Any CPU
		{35F39935-4EC3-491C-996F-AFCAEEBD51BC}.Release|Any CPU.Build.0 = Release|Any CPU
	EndGlobalSection
EndGlobal
